
Microsoft Visual Studio Solution File, Format Version 12.00
# Visual Studio Version 17
VisualStudioVersion = 17.6.33723.286
MinimumVisualStudioVersion = 10.0.40219.1
Project("{FAE04EC0-301F-11D3-BF4B-00C04F79EFBC}") = "UniversityAPI", "UniversityAPI\UniversityAPI.csproj", "{81FB353A-2030-451B-986D-F53ECA96D9CA}"
EndProject
Global
	GlobalSection(SolutionConfigurationPlatforms) = preSolution
		Debug|Any CPU = Debug|Any CPU
		Release|Any CPU = Release|Any CPU
	EndGlobalSection
	GlobalSection(ProjectConfigurationPlatforms) = postSolution
		{81FB353A-2030-451B-986D-F53ECA96D9CA}.Debug|Any CPU.ActiveCfg = Debug|Any CPU
		{81FB353A-2030-451B-986D-F53ECA96D9CA}.Debug|Any CPU.Build.0 = Debug|Any CPU
		{81FB353A-2030-451B-986D-F53ECA96D9CA}.Release|Any CPU.ActiveCfg = Release|Any CPU
		{81FB353A-2030-451B-986D-F53ECA96D9CA}.Release|Any CPU.Build.0 = Release|Any CPU
	EndGlobalSection
	GlobalSection(SolutionProperties) = preSolution
		HideSolutionNode = FALSE
	EndGlobalSection
	GlobalSection(ExtensibilityGlobals) = postSolution
		SolutionGuid = {FE84B4B1-75C3-45D0-BA04-53CCDD3C7A7B}
	EndGlobalSection
EndGlobal
